{
  "R": {
    "Version": "4.4.1",
    "Repositories": [
      {
        "Name": "CRAN",
        "URL": "https://cloud.r-project.org"
      }
    ]
  },
  "Packages": {
    "C50": {
      "Package": "C50",
      "Version": "0.2.0",
      "Source": "Repository",
      "Repository": "CRAN"
    },
    "DescTools": {
      "Package": "DescTools",
      "Version": "0.99.60",
      "Source": "Repository",
      "Repository": "CRAN"
    },
    "GENEAread": {
      "Package": "GENEAread",
      "Version": "2.0.10",
      "Source": "Repository",
      "Repository": "CRAN"
    },
    "GGIR": {
      "Package": "GGIR",
      "Version": "3.3-0",
      "Source": "Repository",
      "Repository": "CRAN"
    },
    "HMM": {
      "Package": "HMM",
      "Version": "1.0.2",
      "Source": "Repository",
      "Repository": "CRAN"
    },
    "adept": {
      "Package": "adept",
      "Version": "1.2",
      "Source": "Repository",
      "Repository": "CRAN"
    },
    "adeptdata": {
      "Package": "adeptdata",
      "Version": "1.1",
      "Source": "Repository",
      "Repository": "CRAN"
    },
    "arrow": {
      "Package": "arrow",
      "Version": "21.0.0.1",
      "Source": "Repository",
      "Repository": "CRAN"
    },
    "crew": {
      "Package": "crew",
      "Version": "1.3.0",
      "Source": "Repository",
      "Repository": "CRAN"
    },
    "data.table": {
      "Package": "data.table",
      "Version": "1.17.8",
      "Source": "Repository",
      "Repository": "CRAN"
    },
    "dplyr": {
      "Package": "dplyr",
      "Version": "1.1.4",
      "Source": "Repository",
      "Repository": "CRAN"
    },
    "fs": {
      "Package": "fs",
      "Version": "1.6.6",
      "Source": "Repository",
      "Repository": "CRAN"
    },
    "kernlab": {
      "Package": "kernlab",
      "Version": "0.9-33",
      "Source": "Repository",
      "Repository": "CRAN"
    },
    "lubridate": {
      "Package": "lubridate",
      "Version": "1.9.4",
      "Source": "Repository",
      "Repository": "CRAN"
    },
    "microbenchmark": {
      "Package": "microbenchmark",
      "Version": "1.5.0",
      "Source": "Repository",
      "Repository": "CRAN"
    },
    "nnet": {
      "Package": "nnet",
      "Version": "7.3-20",
      "Source": "Repository",
      "Repository": "CRAN"
    },
    "qs2": {
      "Package": "qs2",
      "Version": "0.1.5",
      "Source": "Repository",
      "Repository": "CRAN"
    },
    "randomForest": {
      "Package": "randomForest",
      "Version": "4.7-1.2",
      "Source": "Repository",
      "Repository": "CRAN"
    },
    "rattle": {
      "Package": "rattle",
      "Version": "5.5.1",
      "Source": "Repository",
      "Repository": "CRAN"
    },
    "renv": {
      "Package": "renv",
      "Version": "1.1.5",
      "Source": "Repository",
      "Type": "Package",
      "Title": "Project Environments",
      "Authors@R": "c( person(\"Kevin\", \"Ushey\", role = c(\"aut\", \"cre\"), email = \"kevin@rstudio.com\", comment = c(ORCID = \"0000-0003-2880-7407\")), person(\"Hadley\", \"Wickham\", role = c(\"aut\"), email = \"hadley@rstudio.com\", comment = c(ORCID = \"0000-0003-4757-117X\")), person(\"Posit Software, PBC\", role = c(\"cph\", \"fnd\")) )",
      "Description": "A dependency management toolkit for R. Using 'renv', you can create and manage project-local R libraries, save the state of these libraries to a 'lockfile', and later restore your library as required. Together, these tools can help make your projects more isolated, portable, and reproducible.",
      "License": "MIT + file LICENSE",
      "URL": "https://rstudio.github.io/renv/, https://github.com/rstudio/renv",
      "BugReports": "https://github.com/rstudio/renv/issues",
      "Imports": [
        "utils"
      ],
      "Suggests": [
        "BiocManager",
        "cli",
        "compiler",
        "covr",
        "cpp11",
        "devtools",
        "generics",
        "gitcreds",
        "jsonlite",
        "jsonvalidate",
        "knitr",
        "miniUI",
        "modules",
        "packrat",
        "pak",
        "R6",
        "remotes",
        "reticulate",
        "rmarkdown",
        "rstudioapi",
        "shiny",
        "testthat",
        "uuid",
        "waldo",
        "yaml",
        "webfakes"
      ],
      "Encoding": "UTF-8",
      "RoxygenNote": "7.3.2",
      "VignetteBuilder": "knitr",
      "Config/Needs/website": "tidyverse/tidytemplate",
      "Config/testthat/edition": "3",
      "Config/testthat/parallel": "true",
      "Config/testthat/start-first": "bioconductor,python,install,restore,snapshot,retrieve,remotes",
      "NeedsCompilation": "no",
      "Author": "Kevin Ushey [aut, cre] (ORCID: <https://orcid.org/0000-0003-2880-7407>), Hadley Wickham [aut] (ORCID: <https://orcid.org/0000-0003-4757-117X>), Posit Software, PBC [cph, fnd]",
      "Maintainer": "Kevin Ushey <kevin@rstudio.com>",
      "Repository": "RSPM"
    },
    "signal": {
      "Package": "signal",
      "Version": "1.8-1",
      "Source": "Repository",
      "Repository": "CRAN"
    },
    "stringi": {
      "Package": "stringi",
      "Version": "1.8.7",
      "Source": "Repository",
      "Repository": "CRAN"
    },
    "tarchetypes": {
      "Package": "tarchetypes",
      "Version": "0.13.2",
      "Source": "Repository",
      "Repository": "CRAN"
    },
    "targets": {
      "Package": "targets",
      "Version": "1.11.4",
      "Source": "Repository",
      "Repository": "CRAN"
    },
    "tidyr": {
      "Package": "tidyr",
      "Version": "1.3.1",
      "Source": "Repository",
      "Repository": "CRAN"
    },
    "tools": {
      "Package": "tools",
      "Version": "4.4.1",
      "Source": "R"
    },
    "tzdb": {
      "Package": "tzdb",
      "Version": "0.5.0",
      "Source": "Repository",
      "Repository": "CRAN"
    },
    "visNetwork": {
      "Package": "visNetwork",
      "Version": "2.1.4",
      "Source": "Repository",
      "Repository": "CRAN"
    },
    "walking": {
      "Package": "walking",
      "Version": "0.4.0",
      "Source": "GitHub",
      "RemoteUsername": "muschellij2",
      "RemoteRepo": "walking",
      "RemoteRef": "main",
      "RemoteSha": "86c13bb7",
      "RemoteHost": "api.github.com"
    }
  }
}
